
Microsoft Visual Studio Solution File, Format Version 12.00
# Visual Studio Version 17
VisualStudioVersion = 17.2.32526.322
MinimumVisualStudioVersion = 10.0.40219.1
Project("{9A19103F-16F7-4668-BE54-9A1E7A4F7556}") = "libebur128-net", "libebur128-net\libebur128-net.csproj", "{9F1CE2F9-6CA3-4E76-B2D4-293DE7DCB2F2}"
EndProject
Project("{2150E333-8FDC-42A3-9474-1A3956D46DE8}") = "Examples", "Examples", "{75752848-14AF-4257-9AD0-FF7F26A26183}"
EndProject
Project("{9A19103F-16F7-4668-BE54-9A1E7A4F7556}") = "ReplayGainApp", "examples\ReplayGainApp\ReplayGainApp.csproj", "{C035678F-F22A-4869-A5E4-A60F0030F71E}"
EndProject
Project("{2150E333-8FDC-42A3-9474-1A3956D46DE8}") = "Tests", "Tests", "{67085E1D-11CC-4F81-A6E7-D7DBC576A000}"
EndProject
Project("{FAE04EC0-301F-11D3-BF4B-00C04F79EFBC}") = "Ebur128.BasicTest", "tests\Ebur128.BasicTest\Ebur128.BasicTest.csproj", "{923EBA1A-7983-4CEA-BFCF-BDAF50084CF6}"
EndProject
Global
	GlobalSection(SolutionConfigurationPlatforms) = preSolution
		Debug|Any CPU = Debug|Any CPU
		Release|Any CPU = Release|Any CPU
	EndGlobalSection
	GlobalSection(ProjectConfigurationPlatforms) = postSolution
		{9F1CE2F9-6CA3-4E76-B2D4-293DE7DCB2F2}.Debug|Any CPU.ActiveCfg = Debug|Any CPU
		{9F1CE2F9-6CA3-4E76-B2D4-293DE7DCB2F2}.Debug|Any CPU.Build.0 = Debug|Any CPU
		{9F1CE2F9-6CA3-4E76-B2D4-293DE7DCB2F2}.Release|Any CPU.ActiveCfg = Release|Any CPU
		{9F1CE2F9-6CA3-4E76-B2D4-293DE7DCB2F2}.Release|Any CPU.Build.0 = Release|Any CPU
		{C035678F-F22A-4869-A5E4-A60F0030F71E}.Debug|Any CPU.ActiveCfg = Debug|Any CPU
		{C035678F-F22A-4869-A5E4-A60F0030F71E}.Debug|Any CPU.Build.0 = Debug|Any CPU
		{C035678F-F22A-4869-A5E4-A60F0030F71E}.Release|Any CPU.ActiveCfg = Release|Any CPU
		{C035678F-F22A-4869-A5E4-A60F0030F71E}.Release|Any CPU.Build.0 = Release|Any CPU
		{923EBA1A-7983-4CEA-BFCF-BDAF50084CF6}.Debug|Any CPU.ActiveCfg = Debug|Any CPU
		{923EBA1A-7983-4CEA-BFCF-BDAF50084CF6}.Debug|Any CPU.Build.0 = Debug|Any CPU
		{923EBA1A-7983-4CEA-BFCF-BDAF50084CF6}.Release|Any CPU.ActiveCfg = Release|Any CPU
		{923EBA1A-7983-4CEA-BFCF-BDAF50084CF6}.Release|Any CPU.Build.0 = Release|Any CPU
	EndGlobalSection
	GlobalSection(SolutionProperties) = preSolution
		HideSolutionNode = FALSE
	EndGlobalSection
	GlobalSection(NestedProjects) = preSolution
		{C035678F-F22A-4869-A5E4-A60F0030F71E} = {75752848-14AF-4257-9AD0-FF7F26A26183}
		{923EBA1A-7983-4CEA-BFCF-BDAF50084CF6} = {67085E1D-11CC-4F81-A6E7-D7DBC576A000}
	EndGlobalSection
	GlobalSection(ExtensibilityGlobals) = postSolution
		SolutionGuid = {1DB15AFC-2684-4A0E-8599-2207D738254A}
	EndGlobalSection
EndGlobal
